
Microsoft Visual Studio Solution File, Format Version 12.00
# Visual Studio 15
VisualStudioVersion = 15.0.27428.2037
MinimumVisualStudioVersion = 10.0.40219.1
Project("{FAE04EC0-301F-11D3-BF4B-00C04F79EFBC}") = "ThongKe", "ThongKe\ThongKe.csproj", "{B1467459-0F2D-4CFE-8B26-4D3D362BC141}"
EndProject
Global
	GlobalSection(SolutionConfigurationPlatforms) = preSolution
		Debug|Any CPU = Debug|Any CPU
		Release|Any CPU = Release|Any CPU
	EndGlobalSection
	GlobalSection(ProjectConfigurationPlatforms) = postSolution
		{B1467459-0F2D-4CFE-8B26-4D3D362BC141}.Debug|Any CPU.ActiveCfg = Debug|Any CPU
		{B1467459-0F2D-4CFE-8B26-4D3D362BC141}.Debug|Any CPU.Build.0 = Debug|Any CPU
		{B1467459-0F2D-4CFE-8B26-4D3D362BC141}.Release|Any CPU.ActiveCfg = Release|Any CPU
		{B1467459-0F2D-4CFE-8B26-4D3D362BC141}.Release|Any CPU.Build.0 = Release|Any CPU
	EndGlobalSection
	GlobalSection(SolutionProperties) = preSolution
		HideSolutionNode = FALSE
	EndGlobalSection
	GlobalSection(ExtensibilityGlobals) = postSolution
		SolutionGuid = {12E1A33B-E6CD-4EB7-93F6-A16DAA361841}
	EndGlobalSection
EndGlobal
